
Microsoft Visual Studio Solution File, Format Version 12.00
# Visual Studio Version 16
VisualStudioVersion = 16.0.31624.102
MinimumVisualStudioVersion = 10.0.40219.1
Project("{FAE04EC0-301F-11D3-BF4B-00C04F79EFBC}") = "UserBase", "UserBase\UserBase.csproj", "{5C3EC816-235A-4615-9D5C-C96C41543C27}"
EndProject
Global
	GlobalSection(SolutionConfigurationPlatforms) = preSolution
		Debug|Any CPU = Debug|Any CPU
		Release|Any CPU = Release|Any CPU
	EndGlobalSection
	GlobalSection(ProjectConfigurationPlatforms) = postSolution
		{5C3EC816-235A-4615-9D5C-C96C41543C27}.Debug|Any CPU.ActiveCfg = Debug|Any CPU
		{5C3EC816-235A-4615-9D5C-C96C41543C27}.Debug|Any CPU.Build.0 = Debug|Any CPU
		{5C3EC816-235A-4615-9D5C-C96C41543C27}.Release|Any CPU.ActiveCfg = Release|Any CPU
		{5C3EC816-235A-4615-9D5C-C96C41543C27}.Release|Any CPU.Build.0 = Release|Any CPU
	EndGlobalSection
	GlobalSection(SolutionProperties) = preSolution
		HideSolutionNode = FALSE
	EndGlobalSection
	GlobalSection(ExtensibilityGlobals) = postSolution
		SolutionGuid = {48E75BD4-187D-4833-B906-85CDCAE9DE6A}
	EndGlobalSection
EndGlobal
